
Microsoft Visual Studio Solution File, Format Version 12.00
# Visual Studio Version 17
VisualStudioVersion = 17.9.34728.123
MinimumVisualStudioVersion = 10.0.40219.1
Project("{FAE04EC0-301F-11D3-BF4B-00C04F79EFBC}") = "elevatorTest", "elevatorTest\elevatorTest.csproj", "{70635CEC-58DD-4BB9-861C-ADFC21251921}"
EndProject
Project("{FAE04EC0-301F-11D3-BF4B-00C04F79EFBC}") = "unitTestElevator", "unitTestElevator\unitTestElevator.csproj", "{0CCCCEAB-511A-4186-B8E0-3D39B1EB5CBF}"
EndProject
Global
	GlobalSection(SolutionConfigurationPlatforms) = preSolution
		Debug|Any CPU = Debug|Any CPU
		Release|Any CPU = Release|Any CPU
	EndGlobalSection
	GlobalSection(ProjectConfigurationPlatforms) = postSolution
		{70635CEC-58DD-4BB9-861C-ADFC21251921}.Debug|Any CPU.ActiveCfg = Debug|Any CPU
		{70635CEC-58DD-4BB9-861C-ADFC21251921}.Debug|Any CPU.Build.0 = Debug|Any CPU
		{70635CEC-58DD-4BB9-861C-ADFC21251921}.Release|Any CPU.ActiveCfg = Release|Any CPU
		{70635CEC-58DD-4BB9-861C-ADFC21251921}.Release|Any CPU.Build.0 = Release|Any CPU
		{0CCCCEAB-511A-4186-B8E0-3D39B1EB5CBF}.Debug|Any CPU.ActiveCfg = Debug|Any CPU
		{0CCCCEAB-511A-4186-B8E0-3D39B1EB5CBF}.Debug|Any CPU.Build.0 = Debug|Any CPU
		{0CCCCEAB-511A-4186-B8E0-3D39B1EB5CBF}.Release|Any CPU.ActiveCfg = Release|Any CPU
		{0CCCCEAB-511A-4186-B8E0-3D39B1EB5CBF}.Release|Any CPU.Build.0 = Release|Any CPU
	EndGlobalSection
	GlobalSection(SolutionProperties) = preSolution
		HideSolutionNode = FALSE
	EndGlobalSection
	GlobalSection(ExtensibilityGlobals) = postSolution
		SolutionGuid = {07C146AB-BE69-4506-99D1-1020808E4F07}
	EndGlobalSection
EndGlobal
